{
  "name": "dblp-orale-reveal",
  "version": "1.0.0",
  "lockfileVersion": 3,
  "requires": true,
  "packages": {
    "": {
      "name": "dblp-orale-reveal",
      "version": "1.0.0",
      "dependencies": {
        "playwright-core": "^1.47.2",
        "reveal.js": "^5.1.0"
      }
    },
    "node_modules/playwright-core": {
      "version": "1.61.0",
      "resolved": "https://registry.npmjs.org/playwright-core/-/playwright-core-1.61.0.tgz",
      "integrity": "sha512-caX7TrY3Ml6egyDX0WUcTHDxodl/b51y5wJOdCEA36QviK/s2g081hvmGs8eaE3DWb6NYZQ6BjO/QkNRPenoPA==",
      "license": "Apache-2.0",
      "bin": {
        "playwright-core": "cli.js"
      },
      "engines": {
        "node": ">=18"
      }
    },
    "node_modules/reveal.js": {
      "version": "5.2.1",
      "resolved": "https://registry.npmjs.org/reveal.js/-/reveal.js-5.2.1.tgz",
      "integrity": "sha512-r7//6mIM5p34hFiDMvYfXgyjXqGRta+/psd9YtytsgRlrpRzFv4RbH76TXd2qD+7ZPZEbpBDhdRhJaFgfQ7zNQ==",
      "license": "MIT",
      "engines": {
        "node": ">=18.0.0"
      }
    }
  }
}
